// !$*UTF8*$!
{
	archiveVersion = 1;
	classes = {
	};
	objectVersion = 50;
	objects = {

/* Begin PBXBuildFile section */
		6C07270C20CDC70300603199 /* AppDelegate.swift in Sources */ = {isa = PBXBuildFile; fileRef = 6C07270B20CDC70300603199 /* AppDelegate.swift */; };
		6C07271120CDC70300603199 /* Launch.storyboard in Resources */ = {isa = PBXBuildFile; fileRef = 6C07270F20CDC70300603199 /* Launch.storyboard */; };
		6C07271320CDC70600603199 /* Assets.xcassets in Resources */ = {isa = PBXBuildFile; fileRef = 6C07271220CDC70600603199 /* Assets.xcassets */; };
		6C07273A20CDCA5300603199 /* RadarOption.swift in Sources */ = {isa = PBXBuildFile; fileRef = 6C07273920CDCA5300603199 /* RadarOption.swift */; };
		6C07273C20CF692800603199 /* UserDefaults+Extension.swift in Sources */ = {isa = PBXBuildFile; fileRef = 6C07273B20CF692800603199 /* UserDefaults+Extension.swift */; };
		6C07273E20CF6C0D00603199 /* BrowserOption.swift in Sources */ = {isa = PBXBuildFile; fileRef = 6C07273D20CF6C0D00603199 /* BrowserOption.swift */; };
		6C07274020CF6C7700603199 /* RadarID.swift in Sources */ = {isa = PBXBuildFile; fileRef = 6C07273F20CF6C7700603199 /* RadarID.swift */; };
		6C07274220CF6CD000603199 /* AppleRadar.swift in Sources */ = {isa = PBXBuildFile; fileRef = 6C07274120CF6CD000603199 /* AppleRadar.swift */; };
		6C07274420CF6CDB00603199 /* OpenRadar.swift in Sources */ = {isa = PBXBuildFile; fileRef = 6C07274320CF6CDB00603199 /* OpenRadar.swift */; };
		6C07274620CF6CF000603199 /* RadarURLBuilder.swift in Sources */ = {isa = PBXBuildFile; fileRef = 6C07274520CF6CF000603199 /* RadarURLBuilder.swift */; };
		6C07274820CF73C900603199 /* RadarURLParser.swift in Sources */ = {isa = PBXBuildFile; fileRef = 6C07274720CF73C900603199 /* RadarURLParser.swift */; };
		6C07274C20CF801100603199 /* AppleRadarTests.swift in Sources */ = {isa = PBXBuildFile; fileRef = 6C07274B20CF801100603199 /* AppleRadarTests.swift */; };
		6C07274E20CF803300603199 /* OpenRadarTests.swift in Sources */ = {isa = PBXBuildFile; fileRef = 6C07274D20CF803300603199 /* OpenRadarTests.swift */; };
		6C07276B20CFA90400603199 /* HistoryViewController.swift in Sources */ = {isa = PBXBuildFile; fileRef = 6C07276A20CFA90400603199 /* HistoryViewController.swift */; };
		6C07276D20CFA90E00603199 /* BookmarksViewController.swift in Sources */ = {isa = PBXBuildFile; fileRef = 6C07276C20CFA90E00603199 /* BookmarksViewController.swift */; };
		6C07276F20CFA91800603199 /* SettingsViewController.swift in Sources */ = {isa = PBXBuildFile; fileRef = 6C07276E20CFA91800603199 /* SettingsViewController.swift */; };
		6C0D223A20E100C200FBFA86 /* RadarCollection.swift in Sources */ = {isa = PBXBuildFile; fileRef = 6C0D223920E100C200FBFA86 /* RadarCollection.swift */; };
		6C0D223C20E1F0CB00FBFA86 /* MulticastDelegate.swift in Sources */ = {isa = PBXBuildFile; fileRef = 6C0D223B20E1F0CB00FBFA86 /* MulticastDelegate.swift */; };
		6C0D223E20E1FBFC00FBFA86 /* Radar+Extension.swift in Sources */ = {isa = PBXBuildFile; fileRef = 6C0D223D20E1FBFC00FBFA86 /* Radar+Extension.swift */; };
		6C0D224320E255AD00FBFA86 /* OpenRadarAPI.swift in Sources */ = {isa = PBXBuildFile; fileRef = 6C0D224220E255AD00FBFA86 /* OpenRadarAPI.swift */; };
		6C380C6B20DB887D000EE273 /* TabBarController.swift in Sources */ = {isa = PBXBuildFile; fileRef = 6C380C6A20DB887D000EE273 /* TabBarController.swift */; };
		6C380C6D20DC1EF2000EE273 /* UINavigationController+Extension.swift in Sources */ = {isa = PBXBuildFile; fileRef = 6C380C6C20DC1EF2000EE273 /* UINavigationController+Extension.swift */; };
		6C55AAD720D16A5E002E0E82 /* BrowserOption+Extension.swift in Sources */ = {isa = PBXBuildFile; fileRef = 6C55AAD620D16A5E002E0E82 /* BrowserOption+Extension.swift */; };
		6C92D74920DE4A7A0016BBA8 /* AppConstants.swift in Sources */ = {isa = PBXBuildFile; fileRef = 6C92D74820DE4A7A0016BBA8 /* AppConstants.swift */; };
		6C92D74D20DE58DA0016BBA8 /* SettingsViewController+MFMailComposeViewControllerDelegate.swift in Sources */ = {isa = PBXBuildFile; fileRef = 6C92D74C20DE58DA0016BBA8 /* SettingsViewController+MFMailComposeViewControllerDelegate.swift */; };
		6C935B1520D13B7C00136F1E /* BriskRadarTests.swift in Sources */ = {isa = PBXBuildFile; fileRef = 6C935B1420D13B7C00136F1E /* BriskRadarTests.swift */; };
		6CCEA1DF20D23CFA007FA16B /* RadarOption+Extension.swift in Sources */ = {isa = PBXBuildFile; fileRef = 6CCEA1DE20D23CFA007FA16B /* RadarOption+Extension.swift */; };
		6CCEA1E220D23FE9007FA16B /* TableViewViewModel.swift in Sources */ = {isa = PBXBuildFile; fileRef = 6CCEA1E120D23FE9007FA16B /* TableViewViewModel.swift */; };
		6CCEA1E420D23FF3007FA16B /* TableViewSectionViewModel.swift in Sources */ = {isa = PBXBuildFile; fileRef = 6CCEA1E320D23FF3007FA16B /* TableViewSectionViewModel.swift */; };
		6CCEA1E620D23FFF007FA16B /* TableViewCellViewModel.swift in Sources */ = {isa = PBXBuildFile; fileRef = 6CCEA1E520D23FFF007FA16B /* TableViewCellViewModel.swift */; };
		6CCEA1E820D24488007FA16B /* TableViewDataSourceDelegate.swift in Sources */ = {isa = PBXBuildFile; fileRef = 6CCEA1E720D24488007FA16B /* TableViewDataSourceDelegate.swift */; };
		6CCEA1EA20D24590007FA16B /* UIAlertAction+Extension.swift in Sources */ = {isa = PBXBuildFile; fileRef = 6CCEA1E920D24590007FA16B /* UIAlertAction+Extension.swift */; };
		6CCEA1EE20D24C6B007FA16B /* UserDefaultsExtensionTests.swift in Sources */ = {isa = PBXBuildFile; fileRef = 6CCEA1ED20D24C6B007FA16B /* UserDefaultsExtensionTests.swift */; };
		6CCFA66920D0F188006C9BAE /* Localizable.strings in Resources */ = {isa = PBXBuildFile; fileRef = 6CCFA66B20D0F188006C9BAE /* Localizable.strings */; };
		6CCFA66F20D0F3E4006C9BAE /* Radar.swift in Sources */ = {isa = PBXBuildFile; fileRef = 6CCFA66E20D0F3E4006C9BAE /* Radar.swift */; };
		6CCFA67120D0F43A006C9BAE /* RadarMetadata.swift in Sources */ = {isa = PBXBuildFile; fileRef = 6CCFA67020D0F43A006C9BAE /* RadarMetadata.swift */; };
		6CCFA67320D109FD006C9BAE /* RadarURLOpener.swift in Sources */ = {isa = PBXBuildFile; fileRef = 6CCFA67220D109FD006C9BAE /* RadarURLOpener.swift */; };
		6CCFA67520D10CE0006C9BAE /* BriskRadar.swift in Sources */ = {isa = PBXBuildFile; fileRef = 6CCFA67420D10CE0006C9BAE /* BriskRadar.swift */; };
		6CCFA67820D1111A006C9BAE /* Result.swift in Sources */ = {isa = PBXBuildFile; fileRef = 6CCFA67720D1111A006C9BAE /* Result.swift */; };
		6CCFA67A20D11265006C9BAE /* RadarURLOpenerError.swift in Sources */ = {isa = PBXBuildFile; fileRef = 6CCFA67920D11265006C9BAE /* RadarURLOpenerError.swift */; };
		6CCFA67D20D113DE006C9BAE /* String+Extension.swift in Sources */ = {isa = PBXBuildFile; fileRef = 6CCFA67C20D113DE006C9BAE /* String+Extension.swift */; };
		6CCFA67F20D11C70006C9BAE /* UIColor+Extension.swift in Sources */ = {isa = PBXBuildFile; fileRef = 6CCFA67E20D11C70006C9BAE /* UIColor+Extension.swift */; };
/* End PBXBuildFile section */

/* Begin PBXContainerItemProxy section */
		6C07271D20CDC70600603199 /* PBXContainerItemProxy */ = {
			isa = PBXContainerItemProxy;
			containerPortal = 6C07270020CDC70300603199 /* Project object */;
			proxyType = 1;
			remoteGlobalIDString = 6C07270720CDC70300603199;
			remoteInfo = Ladybug;
		};
/* End PBXContainerItemProxy section */

/* Begin PBXFileReference section */
		6C07270820CDC70300603199 /* Ladybug.app */ = {isa = PBXFileReference; explicitFileType = wrapper.application; includeInIndex = 0; path = Ladybug.app; sourceTree = BUILT_PRODUCTS_DIR; };
		6C07270B20CDC70300603199 /* AppDelegate.swift */ = {isa = PBXFileReference; lastKnownFileType = sourcecode.swift; path = AppDelegate.swift; sourceTree = "<group>"; };
		6C07271020CDC70300603199 /* Base */ = {isa = PBXFileReference; lastKnownFileType = file.storyboard; name = Base; path = Base.lproj/Launch.storyboard; sourceTree = "<group>"; };
		6C07271220CDC70600603199 /* Assets.xcassets */ = {isa = PBXFileReference; lastKnownFileType = folder.assetcatalog; path = Assets.xcassets; sourceTree = "<group>"; };
		6C07271720CDC70600603199 /* Ladybug-Info.plist */ = {isa = PBXFileReference; lastKnownFileType = text.plist.xml; path = "Ladybug-Info.plist"; sourceTree = "<group>"; };
		6C07271C20CDC70600603199 /* LadybugTests.xctest */ = {isa = PBXFileReference; explicitFileType = wrapper.cfbundle; includeInIndex = 0; path = LadybugTests.xctest; sourceTree = BUILT_PRODUCTS_DIR; };
		6C07272220CDC70600603199 /* LadybugTests-Info.plist */ = {isa = PBXFileReference; lastKnownFileType = text.plist.xml; path = "LadybugTests-Info.plist"; sourceTree = "<group>"; };
		6C07273920CDCA5300603199 /* RadarOption.swift */ = {isa = PBXFileReference; lastKnownFileType = sourcecode.swift; path = RadarOption.swift; sourceTree = "<group>"; };
		6C07273B20CF692800603199 /* UserDefaults+Extension.swift */ = {isa = PBXFileReference; lastKnownFileType = sourcecode.swift; path = "UserDefaults+Extension.swift"; sourceTree = "<group>"; };
		6C07273D20CF6C0D00603199 /* BrowserOption.swift */ = {isa = PBXFileReference; lastKnownFileType = sourcecode.swift; path = BrowserOption.swift; sourceTree = "<group>"; };
		6C07273F20CF6C7700603199 /* RadarID.swift */ = {isa = PBXFileReference; lastKnownFileType = sourcecode.swift; path = RadarID.swift; sourceTree = "<group>"; };
		6C07274120CF6CD000603199 /* AppleRadar.swift */ = {isa = PBXFileReference; lastKnownFileType = sourcecode.swift; path = AppleRadar.swift; sourceTree = "<group>"; };
		6C07274320CF6CDB00603199 /* OpenRadar.swift */ = {isa = PBXFileReference; lastKnownFileType = sourcecode.swift; path = OpenRadar.swift; sourceTree = "<group>"; };
		6C07274520CF6CF000603199 /* RadarURLBuilder.swift */ = {isa = PBXFileReference; lastKnownFileType = sourcecode.swift; path = RadarURLBuilder.swift; sourceTree = "<group>"; };
		6C07274720CF73C900603199 /* RadarURLParser.swift */ = {isa = PBXFileReference; lastKnownFileType = sourcecode.swift; path = RadarURLParser.swift; sourceTree = "<group>"; };
		6C07274B20CF801100603199 /* AppleRadarTests.swift */ = {isa = PBXFileReference; lastKnownFileType = sourcecode.swift; path = AppleRadarTests.swift; sourceTree = "<group>"; };
		6C07274D20CF803300603199 /* OpenRadarTests.swift */ = {isa = PBXFileReference; lastKnownFileType = sourcecode.swift; path = OpenRadarTests.swift; sourceTree = "<group>"; };
		6C07276A20CFA90400603199 /* HistoryViewController.swift */ = {isa = PBXFileReference; lastKnownFileType = sourcecode.swift; path = HistoryViewController.swift; sourceTree = "<group>"; };
		6C07276C20CFA90E00603199 /* BookmarksViewController.swift */ = {isa = PBXFileReference; lastKnownFileType = sourcecode.swift; path = BookmarksViewController.swift; sourceTree = "<group>"; };
		6C07276E20CFA91800603199 /* SettingsViewController.swift */ = {isa = PBXFileReference; lastKnownFileType = sourcecode.swift; path = SettingsViewController.swift; sourceTree = "<group>"; };
		6C0D223920E100C200FBFA86 /* RadarCollection.swift */ = {isa = PBXFileReference; lastKnownFileType = sourcecode.swift; path = RadarCollection.swift; sourceTree = "<group>"; };
		6C0D223B20E1F0CB00FBFA86 /* MulticastDelegate.swift */ = {isa = PBXFileReference; lastKnownFileType = sourcecode.swift; path = MulticastDelegate.swift; sourceTree = "<group>"; };
		6C0D223D20E1FBFC00FBFA86 /* Radar+Extension.swift */ = {isa = PBXFileReference; lastKnownFileType = sourcecode.swift; path = "Radar+Extension.swift"; sourceTree = "<group>"; };
		6C0D224220E255AD00FBFA86 /* OpenRadarAPI.swift */ = {isa = PBXFileReference; lastKnownFileType = sourcecode.swift; path = OpenRadarAPI.swift; sourceTree = "<group>"; };
		6C273FE120D01DCB001FD2F0 /* CHANGELOG.md */ = {isa = PBXFileReference; lastKnownFileType = net.daringfireball.markdown; path = CHANGELOG.md; sourceTree = "<group>"; };
		6C273FE220D01DEA001FD2F0 /* README.md */ = {isa = PBXFileReference; lastKnownFileType = net.daringfireball.markdown; path = README.md; sourceTree = "<group>"; };
		6C380C6A20DB887D000EE273 /* TabBarController.swift */ = {isa = PBXFileReference; lastKnownFileType = sourcecode.swift; path = TabBarController.swift; sourceTree = "<group>"; };
		6C380C6C20DC1EF2000EE273 /* UINavigationController+Extension.swift */ = {isa = PBXFileReference; lastKnownFileType = sourcecode.swift; path = "UINavigationController+Extension.swift"; sourceTree = "<group>"; };
		6C55AAD620D16A5E002E0E82 /* BrowserOption+Extension.swift */ = {isa = PBXFileReference; lastKnownFileType = sourcecode.swift; path = "BrowserOption+Extension.swift"; sourceTree = "<group>"; };
		6C92D74820DE4A7A0016BBA8 /* AppConstants.swift */ = {isa = PBXFileReference; lastKnownFileType = sourcecode.swift; path = AppConstants.swift; sourceTree = "<group>"; };
		6C92D74C20DE58DA0016BBA8 /* SettingsViewController+MFMailComposeViewControllerDelegate.swift */ = {isa = PBXFileReference; lastKnownFileType = sourcecode.swift; path = "SettingsViewController+MFMailComposeViewControllerDelegate.swift"; sourceTree = "<group>"; };
		6C935B1420D13B7C00136F1E /* BriskRadarTests.swift */ = {isa = PBXFileReference; lastKnownFileType = sourcecode.swift; path = BriskRadarTests.swift; sourceTree = "<group>"; };
		6CCEA1DE20D23CFA007FA16B /* RadarOption+Extension.swift */ = {isa = PBXFileReference; lastKnownFileType = sourcecode.swift; path = "RadarOption+Extension.swift"; sourceTree = "<group>"; };
		6CCEA1E120D23FE9007FA16B /* TableViewViewModel.swift */ = {isa = PBXFileReference; lastKnownFileType = sourcecode.swift; path = TableViewViewModel.swift; sourceTree = "<group>"; };
		6CCEA1E320D23FF3007FA16B /* TableViewSectionViewModel.swift */ = {isa = PBXFileReference; lastKnownFileType = sourcecode.swift; path = TableViewSectionViewModel.swift; sourceTree = "<group>"; };
		6CCEA1E520D23FFF007FA16B /* TableViewCellViewModel.swift */ = {isa = PBXFileReference; lastKnownFileType = sourcecode.swift; path = TableViewCellViewModel.swift; sourceTree = "<group>"; };
		6CCEA1E720D24488007FA16B /* TableViewDataSourceDelegate.swift */ = {isa = PBXFileReference; lastKnownFileType = sourcecode.swift; name = TableViewDataSourceDelegate.swift; path = Ladybug/ViewModels/TableViewDataSourceDelegate.swift; sourceTree = SOURCE_ROOT; };
		6CCEA1E920D24590007FA16B /* UIAlertAction+Extension.swift */ = {isa = PBXFileReference; lastKnownFileType = sourcecode.swift; path = "UIAlertAction+Extension.swift"; sourceTree = "<group>"; };
		6CCEA1ED20D24C6B007FA16B /* UserDefaultsExtensionTests.swift */ = {isa = PBXFileReference; lastKnownFileType = sourcecode.swift; path = UserDefaultsExtensionTests.swift; sourceTree = "<group>"; };
		6CCFA66C20D0F194006C9BAE /* zh-Hant */ = {isa = PBXFileReference; lastKnownFileType = text.plist.strings; name = "zh-Hant"; path = "zh-Hant.lproj/Localizable.strings"; sourceTree = "<group>"; };
		6CCFA66D20D0F197006C9BAE /* Base */ = {isa = PBXFileReference; lastKnownFileType = text.plist.strings; name = Base; path = Base.lproj/Localizable.strings; sourceTree = "<group>"; };
		6CCFA66E20D0F3E4006C9BAE /* Radar.swift */ = {isa = PBXFileReference; lastKnownFileType = sourcecode.swift; path = Radar.swift; sourceTree = "<group>"; };
		6CCFA67020D0F43A006C9BAE /* RadarMetadata.swift */ = {isa = PBXFileReference; lastKnownFileType = sourcecode.swift; path = RadarMetadata.swift; sourceTree = "<group>"; };
		6CCFA67220D109FD006C9BAE /* RadarURLOpener.swift */ = {isa = PBXFileReference; lastKnownFileType = sourcecode.swift; path = RadarURLOpener.swift; sourceTree = "<group>"; };
		6CCFA67420D10CE0006C9BAE /* BriskRadar.swift */ = {isa = PBXFileReference; lastKnownFileType = sourcecode.swift; path = BriskRadar.swift; sourceTree = "<group>"; };
		6CCFA67720D1111A006C9BAE /* Result.swift */ = {isa = PBXFileReference; lastKnownFileType = sourcecode.swift; path = Result.swift; sourceTree = "<group>"; };
		6CCFA67920D11265006C9BAE /* RadarURLOpenerError.swift */ = {isa = PBXFileReference; lastKnownFileType = sourcecode.swift; path = RadarURLOpenerError.swift; sourceTree = "<group>"; };
		6CCFA67C20D113DE006C9BAE /* String+Extension.swift */ = {isa = PBXFileReference; lastKnownFileType = sourcecode.swift; path = "String+Extension.swift"; sourceTree = "<group>"; };
		6CCFA67E20D11C70006C9BAE /* UIColor+Extension.swift */ = {isa = PBXFileReference; lastKnownFileType = sourcecode.swift; path = "UIColor+Extension.swift"; sourceTree = "<group>"; };
/* End PBXFileReference section */

/* Begin PBXFrameworksBuildPhase section */
		6C07270520CDC70300603199 /* Frameworks */ = {
			isa = PBXFrameworksBuildPhase;
			buildActionMask = 2147483647;
			files = (
			);
			runOnlyForDeploymentPostprocessing = 0;
		};
		6C07271920CDC70600603199 /* Frameworks */ = {
			isa = PBXFrameworksBuildPhase;
			buildActionMask = 2147483647;
			files = (
			);
			runOnlyForDeploymentPostprocessing = 0;
		};
/* End PBXFrameworksBuildPhase section */

/* Begin PBXGroup section */
		6C0726FF20CDC70300603199 = {
			isa = PBXGroup;
			children = (
				6C273FE120D01DCB001FD2F0 /* CHANGELOG.md */,
				6C273FE220D01DEA001FD2F0 /* README.md */,
				6C07270A20CDC70300603199 /* Ladybug */,
				6C07271F20CDC70600603199 /* LadybugTests */,
				6C07270920CDC70300603199 /* Products */,
			);
			sourceTree = "<group>";
		};
		6C07270920CDC70300603199 /* Products */ = {
			isa = PBXGroup;
			children = (
				6C07270820CDC70300603199 /* Ladybug.app */,
				6C07271C20CDC70600603199 /* LadybugTests.xctest */,
			);
			name = Products;
			sourceTree = "<group>";
		};
		6C07270A20CDC70300603199 /* Ladybug */ = {
			isa = PBXGroup;
			children = (
				6C0D223F20E253F900FBFA86 /* OpenRadar */,
				6CCEA1E020D23FDD007FA16B /* ViewModels */,
				6CCFA67B20D113A0006C9BAE /* Extensions */,
				6C07277120CFB3B200603199 /* App */,
				6C07275920CFA51B00603199 /* Model */,
				6C07275E20CFA82300603199 /* History */,
				6C07275F20CFA84900603199 /* Bookmarks */,
				6C07275A20CFA53400603199 /* Settings */,
				6C07277020CFB39800603199 /* Resources */,
			);
			path = Ladybug;
			sourceTree = "<group>";
		};
		6C07271F20CDC70600603199 /* LadybugTests */ = {
			isa = PBXGroup;
			children = (
				6C07274B20CF801100603199 /* AppleRadarTests.swift */,
				6C935B1420D13B7C00136F1E /* BriskRadarTests.swift */,
				6C07274D20CF803300603199 /* OpenRadarTests.swift */,
				6CCEA1ED20D24C6B007FA16B /* UserDefaultsExtensionTests.swift */,
				6C07272220CDC70600603199 /* LadybugTests-Info.plist */,
			);
			path = LadybugTests;
			sourceTree = "<group>";
		};
		6C07275920CFA51B00603199 /* Model */ = {
			isa = PBXGroup;
			children = (
				6C0D223920E100C200FBFA86 /* RadarCollection.swift */,
				6CCFA66E20D0F3E4006C9BAE /* Radar.swift */,
				6C07273F20CF6C7700603199 /* RadarID.swift */,
				6CCFA67020D0F43A006C9BAE /* RadarMetadata.swift */,
				6C07274720CF73C900603199 /* RadarURLParser.swift */,
				6C07274520CF6CF000603199 /* RadarURLBuilder.swift */,
				6C07274120CF6CD000603199 /* AppleRadar.swift */,
				6C07274320CF6CDB00603199 /* OpenRadar.swift */,
				6CCFA67420D10CE0006C9BAE /* BriskRadar.swift */,
				6C07273D20CF6C0D00603199 /* BrowserOption.swift */,
				6C07273920CDCA5300603199 /* RadarOption.swift */,
				6CCFA67720D1111A006C9BAE /* Result.swift */,
				6C0D223B20E1F0CB00FBFA86 /* MulticastDelegate.swift */,
			);
			path = Model;
			sourceTree = "<group>";
		};
		6C07275A20CFA53400603199 /* Settings */ = {
			isa = PBXGroup;
			children = (
				6C07276E20CFA91800603199 /* SettingsViewController.swift */,
				6C92D74C20DE58DA0016BBA8 /* SettingsViewController+MFMailComposeViewControllerDelegate.swift */,
			);
			path = Settings;
			sourceTree = "<group>";
		};
		6C07275E20CFA82300603199 /* History */ = {
			isa = PBXGroup;
			children = (
				6C07276A20CFA90400603199 /* HistoryViewController.swift */,
			);
			path = History;
			sourceTree = "<group>";
		};
		6C07275F20CFA84900603199 /* Bookmarks */ = {
			isa = PBXGroup;
			children = (
				6C07276C20CFA90E00603199 /* BookmarksViewController.swift */,
			);
			path = Bookmarks;
			sourceTree = "<group>";
		};
		6C07277020CFB39800603199 /* Resources */ = {
			isa = PBXGroup;
			children = (
				6C07271220CDC70600603199 /* Assets.xcassets */,
				6C07270F20CDC70300603199 /* Launch.storyboard */,
				6C07271720CDC70600603199 /* Ladybug-Info.plist */,
				6CCFA66B20D0F188006C9BAE /* Localizable.strings */,
			);
			path = Resources;
			sourceTree = "<group>";
		};
		6C07277120CFB3B200603199 /* App */ = {
			isa = PBXGroup;
			children = (
				6C07270B20CDC70300603199 /* AppDelegate.swift */,
				6C92D74820DE4A7A0016BBA8 /* AppConstants.swift */,
				6C380C6A20DB887D000EE273 /* TabBarController.swift */,
				6CCFA67220D109FD006C9BAE /* RadarURLOpener.swift */,
				6CCFA67920D11265006C9BAE /* RadarURLOpenerError.swift */,
			);
			path = App;
			sourceTree = "<group>";
		};
		6C0D223F20E253F900FBFA86 /* OpenRadar */ = {
			isa = PBXGroup;
			children = (
				6C0D224220E255AD00FBFA86 /* OpenRadarAPI.swift */,
			);
			path = OpenRadar;
			sourceTree = "<group>";
		};
		6CCEA1E020D23FDD007FA16B /* ViewModels */ = {
			isa = PBXGroup;
			children = (
				6CCEA1E720D24488007FA16B /* TableViewDataSourceDelegate.swift */,
				6CCEA1E120D23FE9007FA16B /* TableViewViewModel.swift */,
				6CCEA1E320D23FF3007FA16B /* TableViewSectionViewModel.swift */,
				6CCEA1E520D23FFF007FA16B /* TableViewCellViewModel.swift */,
			);
			path = ViewModels;
			sourceTree = "<group>";
		};
		6CCFA67B20D113A0006C9BAE /* Extensions */ = {
			isa = PBXGroup;
			children = (
				6CCFA67C20D113DE006C9BAE /* String+Extension.swift */,
				6C55AAD620D16A5E002E0E82 /* BrowserOption+Extension.swift */,
				6CCEA1DE20D23CFA007FA16B /* RadarOption+Extension.swift */,
				6CCFA67E20D11C70006C9BAE /* UIColor+Extension.swift */,
				6CCEA1E920D24590007FA16B /* UIAlertAction+Extension.swift */,
				6C07273B20CF692800603199 /* UserDefaults+Extension.swift */,
				6C380C6C20DC1EF2000EE273 /* UINavigationController+Extension.swift */,
				6C0D223D20E1FBFC00FBFA86 /* Radar+Extension.swift */,
			);
			path = Extensions;
			sourceTree = "<group>";
		};
/* End PBXGroup section */

/* Begin PBXNativeTarget section */
		6C07270720CDC70300603199 /* Ladybug */ = {
			isa = PBXNativeTarget;
			buildConfigurationList = 6C07273020CDC70600603199 /* Build configuration list for PBXNativeTarget "Ladybug" */;
			buildPhases = (
				6C07270420CDC70300603199 /* Sources */,
				6C07270520CDC70300603199 /* Frameworks */,
				6C07270620CDC70300603199 /* Resources */,
			);
			buildRules = (
			);
			dependencies = (
			);
			name = Ladybug;
			productName = Ladybug;
			productReference = 6C07270820CDC70300603199 /* Ladybug.app */;
			productType = "com.apple.product-type.application";
		};
		6C07271B20CDC70600603199 /* LadybugTests */ = {
			isa = PBXNativeTarget;
			buildConfigurationList = 6C07273320CDC70600603199 /* Build configuration list for PBXNativeTarget "LadybugTests" */;
			buildPhases = (
				6C07271820CDC70600603199 /* Sources */,
				6C07271920CDC70600603199 /* Frameworks */,
				6C07271A20CDC70600603199 /* Resources */,
			);
			buildRules = (
			);
			dependencies = (
				6C07271E20CDC70600603199 /* PBXTargetDependency */,
			);
			name = LadybugTests;
			productName = LadybugTests;
			productReference = 6C07271C20CDC70600603199 /* LadybugTests.xctest */;
			productType = "com.apple.product-type.bundle.unit-test";
		};
/* End PBXNativeTarget section */

/* Begin PBXProject section */
		6C07270020CDC70300603199 /* Project object */ = {
			isa = PBXProject;
			attributes = {
				LastSwiftUpdateCheck = 0930;
				LastUpgradeCheck = 0930;
				ORGANIZATIONNAME = "Elaborapp Co., Ltd.";
				TargetAttributes = {
					6C07270720CDC70300603199 = {
						CreatedOnToolsVersion = 9.3.1;
					};
					6C07271B20CDC70600603199 = {
						CreatedOnToolsVersion = 9.3.1;
						TestTargetID = 6C07270720CDC70300603199;
					};
				};
			};
			buildConfigurationList = 6C07270320CDC70300603199 /* Build configuration list for PBXProject "Ladybug" */;
			compatibilityVersion = "Xcode 9.3";
			developmentRegion = en;
			hasScannedForEncodings = 0;
			knownRegions = (
				en,
				Base,
				"zh-Hant",
			);
			mainGroup = 6C0726FF20CDC70300603199;
			productRefGroup = 6C07270920CDC70300603199 /* Products */;
			projectDirPath = "";
			projectRoot = "";
			targets = (
				6C07270720CDC70300603199 /* Ladybug */,
				6C07271B20CDC70600603199 /* LadybugTests */,
			);
		};
/* End PBXProject section */

/* Begin PBXResourcesBuildPhase section */
		6C07270620CDC70300603199 /* Resources */ = {
			isa = PBXResourcesBuildPhase;
			buildActionMask = 2147483647;
			files = (
				6C07271320CDC70600603199 /* Assets.xcassets in Resources */,
				6CCFA66920D0F188006C9BAE /* Localizable.strings in Resources */,
				6C07271120CDC70300603199 /* Launch.storyboard in Resources */,
			);
			runOnlyForDeploymentPostprocessing = 0;
		};
		6C07271A20CDC70600603199 /* Resources */ = {
			isa = PBXResourcesBuildPhase;
			buildActionMask = 2147483647;
			files = (
			);
			runOnlyForDeploymentPostprocessing = 0;
		};
/* End PBXResourcesBuildPhase section */

/* Begin PBXSourcesBuildPhase section */
		6C07270420CDC70300603199 /* Sources */ = {
			isa = PBXSourcesBuildPhase;
			buildActionMask = 2147483647;
			files = (
				6CCFA67A20D11265006C9BAE /* RadarURLOpenerError.swift in Sources */,
				6CCFA67520D10CE0006C9BAE /* BriskRadar.swift in Sources */,
				6C07274220CF6CD000603199 /* AppleRadar.swift in Sources */,
				6C92D74920DE4A7A0016BBA8 /* AppConstants.swift in Sources */,
				6CCFA67D20D113DE006C9BAE /* String+Extension.swift in Sources */,
				6C380C6D20DC1EF2000EE273 /* UINavigationController+Extension.swift in Sources */,
				6C0D223A20E100C200FBFA86 /* RadarCollection.swift in Sources */,
				6C07274820CF73C900603199 /* RadarURLParser.swift in Sources */,
				6C0D223C20E1F0CB00FBFA86 /* MulticastDelegate.swift in Sources */,
				6C07276B20CFA90400603199 /* HistoryViewController.swift in Sources */,
				6CCFA66F20D0F3E4006C9BAE /* Radar.swift in Sources */,
				6C0D224320E255AD00FBFA86 /* OpenRadarAPI.swift in Sources */,
				6C55AAD720D16A5E002E0E82 /* BrowserOption+Extension.swift in Sources */,
				6CCFA67820D1111A006C9BAE /* Result.swift in Sources */,
				6C07274020CF6C7700603199 /* RadarID.swift in Sources */,
				6C07273A20CDCA5300603199 /* RadarOption.swift in Sources */,
				6C07274620CF6CF000603199 /* RadarURLBuilder.swift in Sources */,
				6C0D223E20E1FBFC00FBFA86 /* Radar+Extension.swift in Sources */,
				6C07273C20CF692800603199 /* UserDefaults+Extension.swift in Sources */,
				6CCEA1DF20D23CFA007FA16B /* RadarOption+Extension.swift in Sources */,
				6C07273E20CF6C0D00603199 /* BrowserOption.swift in Sources */,
				6CCFA67120D0F43A006C9BAE /* RadarMetadata.swift in Sources */,
				6CCEA1E220D23FE9007FA16B /* TableViewViewModel.swift in Sources */,
				6C07274420CF6CDB00603199 /* OpenRadar.swift in Sources */,
				6CCFA67F20D11C70006C9BAE /* UIColor+Extension.swift in Sources */,
				6C07276F20CFA91800603199 /* SettingsViewController.swift in Sources */,
				6CCEA1E620D23FFF007FA16B /* TableViewCellViewModel.swift in Sources */,
				6C07276D20CFA90E00603199 /* BookmarksViewController.swift in Sources */,
				6CCFA67320D109FD006C9BAE /* RadarURLOpener.swift in Sources */,
				6CCEA1EA20D24590007FA16B /* UIAlertAction+Extension.swift in Sources */,
				6CCEA1E420D23FF3007FA16B /* TableViewSectionViewModel.swift in Sources */,
				6C380C6B20DB887D000EE273 /* TabBarController.swift in Sources */,
				6C92D74D20DE58DA0016BBA8 /* SettingsViewController+MFMailComposeViewControllerDelegate.swift in Sources */,
				6C07270C20CDC70300603199 /* AppDelegate.swift in Sources */,
				6CCEA1E820D24488007FA16B /* TableViewDataSourceDelegate.swift in Sources */,
			);
			runOnlyForDeploymentPostprocessing = 0;
		};
		6C07271820CDC70600603199 /* Sources */ = {
			isa = PBXSourcesBuildPhase;
			buildActionMask = 2147483647;
			files = (
				6C935B1520D13B7C00136F1E /* BriskRadarTests.swift in Sources */,
				6C07274E20CF803300603199 /* OpenRadarTests.swift in Sources */,
				6C07274C20CF801100603199 /* AppleRadarTests.swift in Sources */,
				6CCEA1EE20D24C6B007FA16B /* UserDefaultsExtensionTests.swift in Sources */,
			);
			runOnlyForDeploymentPostprocessing = 0;
		};
/* End PBXSourcesBuildPhase section */

/* Begin PBXTargetDependency section */
		6C07271E20CDC70600603199 /* PBXTargetDependency */ = {
			isa = PBXTargetDependency;
			target = 6C07270720CDC70300603199 /* Ladybug */;
			targetProxy = 6C07271D20CDC70600603199 /* PBXContainerItemProxy */;
		};
/* End PBXTargetDependency section */

/* Begin PBXVariantGroup section */
		6C07270F20CDC70300603199 /* Launch.storyboard */ = {
			isa = PBXVariantGroup;
			children = (
				6C07271020CDC70300603199 /* Base */,
			);
			name = Launch.storyboard;
			sourceTree = "<group>";
		};
		6CCFA66B20D0F188006C9BAE /* Localizable.strings */ = {
			isa = PBXVariantGroup;
			children = (
				6CCFA66C20D0F194006C9BAE /* zh-Hant */,
				6CCFA66D20D0F197006C9BAE /* Base */,
			);
			name = Localizable.strings;
			sourceTree = "<group>";
		};
/* End PBXVariantGroup section */

/* Begin XCBuildConfiguration section */
		6C07272E20CDC70600603199 /* Debug */ = {
			isa = XCBuildConfiguration;
			buildSettings = {
				ALWAYS_SEARCH_USER_PATHS = NO;
				CLANG_ANALYZER_LOCALIZABILITY_NONLOCALIZED = YES;
				CLANG_ANALYZER_NONNULL = YES;
				CLANG_ANALYZER_NUMBER_OBJECT_CONVERSION = YES_AGGRESSIVE;
				CLANG_CXX_LANGUAGE_STANDARD = "gnu++14";
				CLANG_CXX_LIBRARY = "libc++";
				CLANG_ENABLE_MODULES = YES;
				CLANG_ENABLE_OBJC_ARC = YES;
				CLANG_ENABLE_OBJC_WEAK = YES;
				CLANG_WARN_BLOCK_CAPTURE_AUTORELEASING = YES;
				CLANG_WARN_BOOL_CONVERSION = YES;
				CLANG_WARN_COMMA = YES;
				CLANG_WARN_CONSTANT_CONVERSION = YES;
				CLANG_WARN_DEPRECATED_OBJC_IMPLEMENTATIONS = YES;
				CLANG_WARN_DIRECT_OBJC_ISA_USAGE = YES_ERROR;
				CLANG_WARN_DOCUMENTATION_COMMENTS = YES;
				CLANG_WARN_EMPTY_BODY = YES;
				CLANG_WARN_ENUM_CONVERSION = YES;
				CLANG_WARN_INFINITE_RECURSION = YES;
				CLANG_WARN_INT_CONVERSION = YES;
				CLANG_WARN_NON_LITERAL_NULL_CONVERSION = YES;
				CLANG_WARN_OBJC_IMPLICIT_RETAIN_SELF = YES;
				CLANG_WARN_OBJC_LITERAL_CONVERSION = YES;
				CLANG_WARN_OBJC_ROOT_CLASS = YES_ERROR;
				CLANG_WARN_RANGE_LOOP_ANALYSIS = YES;
				CLANG_WARN_STRICT_PROTOTYPES = YES;
				CLANG_WARN_SUSPICIOUS_MOVE = YES;
				CLANG_WARN_UNGUARDED_AVAILABILITY = YES_AGGRESSIVE;
				CLANG_WARN_UNREACHABLE_CODE = YES;
				CLANG_WARN__DUPLICATE_METHOD_MATCH = YES;
				CODE_SIGN_IDENTITY = "iPhone Developer";
				COPY_PHASE_STRIP = NO;
				DEBUG_INFORMATION_FORMAT = dwarf;
				ENABLE_STRICT_OBJC_MSGSEND = YES;
				ENABLE_TESTABILITY = YES;
				GCC_C_LANGUAGE_STANDARD = gnu11;
				GCC_DYNAMIC_NO_PIC = NO;
				GCC_NO_COMMON_BLOCKS = YES;
				GCC_OPTIMIZATION_LEVEL = 0;
				GCC_PREPROCESSOR_DEFINITIONS = (
					"DEBUG=1",
					"$(inherited)",
				);
				GCC_WARN_64_TO_32_BIT_CONVERSION = YES;
				GCC_WARN_ABOUT_RETURN_TYPE = YES_ERROR;
				GCC_WARN_UNDECLARED_SELECTOR = YES;
				GCC_WARN_UNINITIALIZED_AUTOS = YES_AGGRESSIVE;
				GCC_WARN_UNUSED_FUNCTION = YES;
				GCC_WARN_UNUSED_VARIABLE = YES;
				IPHONEOS_DEPLOYMENT_TARGET = 10.0;
				MTL_ENABLE_DEBUG_INFO = YES;
				ONLY_ACTIVE_ARCH = YES;
				SDKROOT = iphoneos;
				SWIFT_ACTIVE_COMPILATION_CONDITIONS = DEBUG;
				SWIFT_OPTIMIZATION_LEVEL = "-Onone";
			};
			name = Debug;
		};
		6C07272F20CDC70600603199 /* Release */ = {
			isa = XCBuildConfiguration;
			buildSettings = {
				ALWAYS_SEARCH_USER_PATHS = NO;
				CLANG_ANALYZER_LOCALIZABILITY_NONLOCALIZED = YES;
				CLANG_ANALYZER_NONNULL = YES;
				CLANG_ANALYZER_NUMBER_OBJECT_CONVERSION = YES_AGGRESSIVE;
				CLANG_CXX_LANGUAGE_STANDARD = "gnu++14";
				CLANG_CXX_LIBRARY = "libc++";
				CLANG_ENABLE_MODULES = YES;
				CLANG_ENABLE_OBJC_ARC = YES;
				CLANG_ENABLE_OBJC_WEAK = YES;
				CLANG_WARN_BLOCK_CAPTURE_AUTORELEASING = YES;
				CLANG_WARN_BOOL_CONVERSION = YES;
				CLANG_WARN_COMMA = YES;
				CLANG_WARN_CONSTANT_CONVERSION = YES;
				CLANG_WARN_DEPRECATED_OBJC_IMPLEMENTATIONS = YES;
				CLANG_WARN_DIRECT_OBJC_ISA_USAGE = YES_ERROR;
				CLANG_WARN_DOCUMENTATION_COMMENTS = YES;
				CLANG_WARN_EMPTY_BODY = YES;
				CLANG_WARN_ENUM_CONVERSION = YES;
				CLANG_WARN_INFINITE_RECURSION = YES;
				CLANG_WARN_INT_CONVERSION = YES;
				CLANG_WARN_NON_LITERAL_NULL_CONVERSION = YES;
				CLANG_WARN_OBJC_IMPLICIT_RETAIN_SELF = YES;
				CLANG_WARN_OBJC_LITERAL_CONVERSION = YES;
				CLANG_WARN_OBJC_ROOT_CLASS = YES_ERROR;
				CLANG_WARN_RANGE_LOOP_ANALYSIS = YES;
				CLANG_WARN_STRICT_PROTOTYPES = YES;
				CLANG_WARN_SUSPICIOUS_MOVE = YES;
				CLANG_WARN_UNGUARDED_AVAILABILITY = YES_AGGRESSIVE;
				CLANG_WARN_UNREACHABLE_CODE = YES;
				CLANG_WARN__DUPLICATE_METHOD_MATCH = YES;
				CODE_SIGN_IDENTITY = "iPhone Developer";
				COPY_PHASE_STRIP = NO;
				DEBUG_INFORMATION_FORMAT = "dwarf-with-dsym";
				ENABLE_NS_ASSERTIONS = NO;
				ENABLE_STRICT_OBJC_MSGSEND = YES;
				GCC_C_LANGUAGE_STANDARD = gnu11;
				GCC_NO_COMMON_BLOCKS = YES;
				GCC_WARN_64_TO_32_BIT_CONVERSION = YES;
				GCC_WARN_ABOUT_RETURN_TYPE = YES_ERROR;
				GCC_WARN_UNDECLARED_SELECTOR = YES;
				GCC_WARN_UNINITIALIZED_AUTOS = YES_AGGRESSIVE;
				GCC_WARN_UNUSED_FUNCTION = YES;
				GCC_WARN_UNUSED_VARIABLE = YES;
				IPHONEOS_DEPLOYMENT_TARGET = 10.0;
				MTL_ENABLE_DEBUG_INFO = NO;
				SDKROOT = iphoneos;
				SWIFT_COMPILATION_MODE = wholemodule;
				SWIFT_OPTIMIZATION_LEVEL = "-O";
				VALIDATE_PRODUCT = YES;
			};
			name = Release;
		};
		6C07273120CDC70600603199 /* Debug */ = {
			isa = XCBuildConfiguration;
			buildSettings = {
				ASSETCATALOG_COMPILER_APPICON_NAME = AppIcon;
				CODE_SIGN_STYLE = Automatic;
				DEVELOPMENT_TEAM = SE9N6X5V7C;
				INFOPLIST_FILE = "$(SRCROOT)/Ladybug/Resources/Ladybug-Info.plist";
				IPHONEOS_DEPLOYMENT_TARGET = 11.0;
				LD_RUNPATH_SEARCH_PATHS = (
					"$(inherited)",
					"@executable_path/Frameworks",
				);
				PRODUCT_BUNDLE_IDENTIFIER = com.elaborapp.Ladybug;
				PRODUCT_NAME = "$(TARGET_NAME)";
				SWIFT_VERSION = 4.0;
				TARGETED_DEVICE_FAMILY = "1,2";
			};
			name = Debug;
		};
		6C07273220CDC70600603199 /* Release */ = {
			isa = XCBuildConfiguration;
			buildSettings = {
				ASSETCATALOG_COMPILER_APPICON_NAME = AppIcon;
				CODE_SIGN_STYLE = Automatic;
				DEVELOPMENT_TEAM = SE9N6X5V7C;
				INFOPLIST_FILE = "$(SRCROOT)/Ladybug/Resources/Ladybug-Info.plist";
				IPHONEOS_DEPLOYMENT_TARGET = 11.0;
				LD_RUNPATH_SEARCH_PATHS = (
					"$(inherited)",
					"@executable_path/Frameworks",
				);
				PRODUCT_BUNDLE_IDENTIFIER = com.elaborapp.Ladybug;
				PRODUCT_NAME = "$(TARGET_NAME)";
				SWIFT_VERSION = 4.0;
				TARGETED_DEVICE_FAMILY = "1,2";
			};
			name = Release;
		};
		6C07273420CDC70600603199 /* Debug */ = {
			isa = XCBuildConfiguration;
			buildSettings = {
				ALWAYS_EMBED_SWIFT_STANDARD_LIBRARIES = YES;
				BUNDLE_LOADER = "$(TEST_HOST)";
				CODE_SIGN_STYLE = Automatic;
				DEVELOPMENT_TEAM = SE9N6X5V7C;
				INFOPLIST_FILE = "LadybugTests/LadybugTests-Info.plist";
				LD_RUNPATH_SEARCH_PATHS = (
					"$(inherited)",
					"@executable_path/Frameworks",
					"@loader_path/Frameworks",
				);
				PRODUCT_BUNDLE_IDENTIFIER = com.elaborapp.LadybugTests;
				PRODUCT_NAME = "$(TARGET_NAME)";
				SWIFT_VERSION = 4.0;
				TARGETED_DEVICE_FAMILY = "1,2";
				TEST_HOST = "$(BUILT_PRODUCTS_DIR)/Ladybug.app/Ladybug";
			};
			name = Debug;
		};
		6C07273520CDC70600603199 /* Release */ = {
			isa = XCBuildConfiguration;
			buildSettings = {
				ALWAYS_EMBED_SWIFT_STANDARD_LIBRARIES = YES;
				BUNDLE_LOADER = "$(TEST_HOST)";
				CODE_SIGN_STYLE = Automatic;
				DEVELOPMENT_TEAM = SE9N6X5V7C;
				INFOPLIST_FILE = "LadybugTests/LadybugTests-Info.plist";
				LD_RUNPATH_SEARCH_PATHS = (
					"$(inherited)",
					"@executable_path/Frameworks",
					"@loader_path/Frameworks",
				);
				PRODUCT_BUNDLE_IDENTIFIER = com.elaborapp.LadybugTests;
				PRODUCT_NAME = "$(TARGET_NAME)";
				SWIFT_VERSION = 4.0;
				TARGETED_DEVICE_FAMILY = "1,2";
				TEST_HOST = "$(BUILT_PRODUCTS_DIR)/Ladybug.app/Ladybug";
			};
			name = Release;
		};
/* End XCBuildConfiguration section */

/* Begin XCConfigurationList section */
		6C07270320CDC70300603199 /* Build configuration list for PBXProject "Ladybug" */ = {
			isa = XCConfigurationList;
			buildConfigurations = (
				6C07272E20CDC70600603199 /* Debug */,
				6C07272F20CDC70600603199 /* Release */,
			);
			defaultConfigurationIsVisible = 0;
			defaultConfigurationName = Release;
		};
		6C07273020CDC70600603199 /* Build configuration list for PBXNativeTarget "Ladybug" */ = {
			isa = XCConfigurationList;
			buildConfigurations = (
				6C07273120CDC70600603199 /* Debug */,
				6C07273220CDC70600603199 /* Release */,
			);
			defaultConfigurationIsVisible = 0;
			defaultConfigurationName = Release;
		};
		6C07273320CDC70600603199 /* Build configuration list for PBXNativeTarget "LadybugTests" */ = {
			isa = XCConfigurationList;
			buildConfigurations = (
				6C07273420CDC70600603199 /* Debug */,
				6C07273520CDC70600603199 /* Release */,
			);
			defaultConfigurationIsVisible = 0;
			defaultConfigurationName = Release;
		};
/* End XCConfigurationList section */
	};
	rootObject = 6C07270020CDC70300603199 /* Project object */;
}
